
Microsoft Visual Studio Solution File, Format Version 12.00
# Visual Studio Version 16
VisualStudioVersion = 16.0.29519.181
MinimumVisualStudioVersion = 10.0.40219.1
Project("{FAE04EC0-301F-11D3-BF4B-00C04F79EFBC}") = "SH", "SH\SH.csproj", "{09619AF9-7A1E-4D05-BCA6-D5C0AE6A3FA0}"
EndProject
Global
	GlobalSection(SolutionConfigurationPlatforms) = preSolution
		Debug|Any CPU = Debug|Any CPU
		Release|Any CPU = Release|Any CPU
	EndGlobalSection
	GlobalSection(ProjectConfigurationPlatforms) = postSolution
		{09619AF9-7A1E-4D05-BCA6-D5C0AE6A3FA0}.Debug|Any CPU.ActiveCfg = Debug|Any CPU
		{09619AF9-7A1E-4D05-BCA6-D5C0AE6A3FA0}.Debug|Any CPU.Build.0 = Debug|Any CPU
		{09619AF9-7A1E-4D05-BCA6-D5C0AE6A3FA0}.Release|Any CPU.ActiveCfg = Release|Any CPU
		{09619AF9-7A1E-4D05-BCA6-D5C0AE6A3FA0}.Release|Any CPU.Build.0 = Release|Any CPU
	EndGlobalSection
	GlobalSection(SolutionProperties) = preSolution
		HideSolutionNode = FALSE
	EndGlobalSection
	GlobalSection(ExtensibilityGlobals) = postSolution
		SolutionGuid = {3C3B4649-75FC-40E4-9CF4-643F9D1B254C}
	EndGlobalSection
EndGlobal
